// !$*UTF8*$!
{
	archiveVersion = 1;
	classes = {
	};
	objectVersion = 56;
	objects = {

/* Begin PBXBuildFile section */
		D086DFE42A556C9200C9804D /* PrototipoSwiftUIApp.swift in Sources */ = {isa = PBXBuildFile; fileRef = D086DFE32A556C9200C9804D /* PrototipoSwiftUIApp.swift */; };
		D086DFE62A556C9200C9804D /* ContentView.swift in Sources */ = {isa = PBXBuildFile; fileRef = D086DFE52A556C9200C9804D /* ContentView.swift */; };
		D086DFE82A556C9400C9804D /* Assets.xcassets in Resources */ = {isa = PBXBuildFile; fileRef = D086DFE72A556C9400C9804D /* Assets.xcassets */; };
		D086DFEB2A556C9400C9804D /* Preview Assets.xcassets in Resources */ = {isa = PBXBuildFile; fileRef = D086DFEA2A556C9400C9804D /* Preview Assets.xcassets */; };
		D086DFF52A556C9400C9804D /* PrototipoSwiftUITests.swift in Sources */ = {isa = PBXBuildFile; fileRef = D086DFF42A556C9400C9804D /* PrototipoSwiftUITests.swift */; };
		D086DFFF2A556C9400C9804D /* PrototipoSwiftUIUITests.swift in Sources */ = {isa = PBXBuildFile; fileRef = D086DFFE2A556C9400C9804D /* PrototipoSwiftUIUITests.swift */; };
		D086E0012A556C9400C9804D /* PrototipoSwiftUIUITestsLaunchTests.swift in Sources */ = {isa = PBXBuildFile; fileRef = D086E0002A556C9400C9804D /* PrototipoSwiftUIUITestsLaunchTests.swift */; };
/* End PBXBuildFile section */

/* Begin PBXContainerItemProxy section */
		D086DFF12A556C9400C9804D /* PBXContainerItemProxy */ = {
			isa = PBXContainerItemProxy;
			containerPortal = D086DFD82A556C9200C9804D /* Project object */;
			proxyType = 1;
			remoteGlobalIDString = D086DFDF2A556C9200C9804D;
			remoteInfo = PrototipoSwiftUI;
		};
		D086DFFB2A556C9400C9804D /* PBXContainerItemProxy */ = {
			isa = PBXContainerItemProxy;
			containerPortal = D086DFD82A556C9200C9804D /* Project object */;
			proxyType = 1;
			remoteGlobalIDString = D086DFDF2A556C9200C9804D;
			remoteInfo = PrototipoSwiftUI;
		};
/* End PBXContainerItemProxy section */

/* Begin PBXFileReference section */
		D086DFE02A556C9200C9804D /* PrototipoSwiftUI.app */ = {isa = PBXFileReference; explicitFileType = wrapper.application; includeInIndex = 0; path = PrototipoSwiftUI.app; sourceTree = BUILT_PRODUCTS_DIR; };
		D086DFE32A556C9200C9804D /* PrototipoSwiftUIApp.swift */ = {isa = PBXFileReference; lastKnownFileType = sourcecode.swift; path = PrototipoSwiftUIApp.swift; sourceTree = "<group>"; };
		D086DFE52A556C9200C9804D /* ContentView.swift */ = {isa = PBXFileReference; lastKnownFileType = sourcecode.swift; path = ContentView.swift; sourceTree = "<group>"; };
		D086DFE72A556C9400C9804D /* Assets.xcassets */ = {isa = PBXFileReference; lastKnownFileType = folder.assetcatalog; path = Assets.xcassets; sourceTree = "<group>"; };
		D086DFEA2A556C9400C9804D /* Preview Assets.xcassets */ = {isa = PBXFileReference; lastKnownFileType = folder.assetcatalog; path = "Preview Assets.xcassets"; sourceTree = "<group>"; };
		D086DFF02A556C9400C9804D /* PrototipoSwiftUITests.xctest */ = {isa = PBXFileReference; explicitFileType = wrapper.cfbundle; includeInIndex = 0; path = PrototipoSwiftUITests.xctest; sourceTree = BUILT_PRODUCTS_DIR; };
		D086DFF42A556C9400C9804D /* PrototipoSwiftUITests.swift */ = {isa = PBXFileReference; lastKnownFileType = sourcecode.swift; path = PrototipoSwiftUITests.swift; sourceTree = "<group>"; };
		D086DFFA2A556C9400C9804D /* PrototipoSwiftUIUITests.xctest */ = {isa = PBXFileReference; explicitFileType = wrapper.cfbundle; includeInIndex = 0; path = PrototipoSwiftUIUITests.xctest; sourceTree = BUILT_PRODUCTS_DIR; };
		D086DFFE2A556C9400C9804D /* PrototipoSwiftUIUITests.swift */ = {isa = PBXFileReference; lastKnownFileType = sourcecode.swift; path = PrototipoSwiftUIUITests.swift; sourceTree = "<group>"; };
		D086E0002A556C9400C9804D /* PrototipoSwiftUIUITestsLaunchTests.swift */ = {isa = PBXFileReference; lastKnownFileType = sourcecode.swift; path = PrototipoSwiftUIUITestsLaunchTests.swift; sourceTree = "<group>"; };
/* End PBXFileReference section */

/* Begin PBXFrameworksBuildPhase section */
		D086DFDD2A556C9200C9804D /* Frameworks */ = {
			isa = PBXFrameworksBuildPhase;
			buildActionMask = 2147483647;
			files = (
			);
			runOnlyForDeploymentPostprocessing = 0;
		};
		D086DFED2A556C9400C9804D /* Frameworks */ = {
			isa = PBXFrameworksBuildPhase;
			buildActionMask = 2147483647;
			files = (
			);
			runOnlyForDeploymentPostprocessing = 0;
		};
		D086DFF72A556C9400C9804D /* Frameworks */ = {
			isa = PBXFrameworksBuildPhase;
			buildActionMask = 2147483647;
			files = (
			);
			runOnlyForDeploymentPostprocessing = 0;
		};
/* End PBXFrameworksBuildPhase section */

/* Begin PBXGroup section */
		D086DFD72A556C9200C9804D = {
			isa = PBXGroup;
			children = (
				D086DFE22A556C9200C9804D /* PrototipoSwiftUI */,
				D086DFF32A556C9400C9804D /* PrototipoSwiftUITests */,
				D086DFFD2A556C9400C9804D /* PrototipoSwiftUIUITests */,
				D086DFE12A556C9200C9804D /* Products */,
			);
			sourceTree = "<group>";
		};
		D086DFE12A556C9200C9804D /* Products */ = {
			isa = PBXGroup;
			children = (
				D086DFE02A556C9200C9804D /* PrototipoSwiftUI.app */,
				D086DFF02A556C9400C9804D /* PrototipoSwiftUITests.xctest */,
				D086DFFA2A556C9400C9804D /* PrototipoSwiftUIUITests.xctest */,
			);
			name = Products;
			sourceTree = "<group>";
		};
		D086DFE22A556C9200C9804D /* PrototipoSwiftUI */ = {
			isa = PBXGroup;
			children = (
				D086DFE32A556C9200C9804D /* PrototipoSwiftUIApp.swift */,
				D086DFE52A556C9200C9804D /* ContentView.swift */,
				D086DFE72A556C9400C9804D /* Assets.xcassets */,
				D086DFE92A556C9400C9804D /* Preview Content */,
			);
			path = PrototipoSwiftUI;
			sourceTree = "<group>";
		};
		D086DFE92A556C9400C9804D /* Preview Content */ = {
			isa = PBXGroup;
			children = (
				D086DFEA2A556C9400C9804D /* Preview Assets.xcassets */,
			);
			path = "Preview Content";
			sourceTree = "<group>";
		};
		D086DFF32A556C9400C9804D /* PrototipoSwiftUITests */ = {
			isa = PBXGroup;
			children = (
				D086DFF42A556C9400C9804D /* PrototipoSwiftUITests.swift */,
			);
			path = PrototipoSwiftUITests;
			sourceTree = "<group>";
		};
		D086DFFD2A556C9400C9804D /* PrototipoSwiftUIUITests */ = {
			isa = PBXGroup;
			children = (
				D086DFFE2A556C9400C9804D /* PrototipoSwiftUIUITests.swift */,
				D086E0002A556C9400C9804D /* PrototipoSwiftUIUITestsLaunchTests.swift */,
			);
			path = PrototipoSwiftUIUITests;
			sourceTree = "<group>";
		};
/* End PBXGroup section */

/* Begin PBXNativeTarget section */
		D086DFDF2A556C9200C9804D /* PrototipoSwiftUI */ = {
			isa = PBXNativeTarget;
			buildConfigurationList = D086E0042A556C9400C9804D /* Build configuration list for PBXNativeTarget "PrototipoSwiftUI" */;
			buildPhases = (
				D086DFDC2A556C9200C9804D /* Sources */,
				D086DFDD2A556C9200C9804D /* Frameworks */,
				D086DFDE2A556C9200C9804D /* Resources */,
			);
			buildRules = (
			);
			dependencies = (
			);
			name = PrototipoSwiftUI;
			productName = PrototipoSwiftUI;
			productReference = D086DFE02A556C9200C9804D /* PrototipoSwiftUI.app */;
			productType = "com.apple.product-type.application";
		};
		D086DFEF2A556C9400C9804D /* PrototipoSwiftUITests */ = {
			isa = PBXNativeTarget;
			buildConfigurationList = D086E0072A556C9400C9804D /* Build configuration list for PBXNativeTarget "PrototipoSwiftUITests" */;
			buildPhases = (
				D086DFEC2A556C9400C9804D /* Sources */,
				D086DFED2A556C9400C9804D /* Frameworks */,
				D086DFEE2A556C9400C9804D /* Resources */,
			);
			buildRules = (
			);
			dependencies = (
				D086DFF22A556C9400C9804D /* PBXTargetDependency */,
			);
			name = PrototipoSwiftUITests;
			productName = PrototipoSwiftUITests;
			productReference = D086DFF02A556C9400C9804D /* PrototipoSwiftUITests.xctest */;
			productType = "com.apple.product-type.bundle.unit-test";
		};
		D086DFF92A556C9400C9804D /* PrototipoSwiftUIUITests */ = {
			isa = PBXNativeTarget;
			buildConfigurationList = D086E00A2A556C9400C9804D /* Build configuration list for PBXNativeTarget "PrototipoSwiftUIUITests" */;
			buildPhases = (
				D086DFF62A556C9400C9804D /* Sources */,
				D086DFF72A556C9400C9804D /* Frameworks */,
				D086DFF82A556C9400C9804D /* Resources */,
			);
			buildRules = (
			);
			dependencies = (
				D086DFFC2A556C9400C9804D /* PBXTargetDependency */,
			);
			name = PrototipoSwiftUIUITests;
			productName = PrototipoSwiftUIUITests;
			productReference = D086DFFA2A556C9400C9804D /* PrototipoSwiftUIUITests.xctest */;
			productType = "com.apple.product-type.bundle.ui-testing";
		};
/* End PBXNativeTarget section */

/* Begin PBXProject section */
		D086DFD82A556C9200C9804D /* Project object */ = {
			isa = PBXProject;
			attributes = {
				BuildIndependentTargetsInParallel = 1;
				LastSwiftUpdateCheck = 1430;
				LastUpgradeCheck = 1430;
				TargetAttributes = {
					D086DFDF2A556C9200C9804D = {
						CreatedOnToolsVersion = 14.3;
					};
					D086DFEF2A556C9400C9804D = {
						CreatedOnToolsVersion = 14.3;
						TestTargetID = D086DFDF2A556C9200C9804D;
					};
					D086DFF92A556C9400C9804D = {
						CreatedOnToolsVersion = 14.3;
						TestTargetID = D086DFDF2A556C9200C9804D;
					};
				};
			};
			buildConfigurationList = D086DFDB2A556C9200C9804D /* Build configuration list for PBXProject "PrototipoSwiftUI" */;
			compatibilityVersion = "Xcode 14.0";
			developmentRegion = en;
			hasScannedForEncodings = 0;
			knownRegions = (
				en,
				Base,
			);
			mainGroup = D086DFD72A556C9200C9804D;
			productRefGroup = D086DFE12A556C9200C9804D /* Products */;
			projectDirPath = "";
			projectRoot = "";
			targets = (
				D086DFDF2A556C9200C9804D /* PrototipoSwiftUI */,
				D086DFEF2A556C9400C9804D /* PrototipoSwiftUITests */,
				D086DFF92A556C9400C9804D /* PrototipoSwiftUIUITests */,
			);
		};
/* End PBXProject section */

/* Begin PBXResourcesBuildPhase section */
		D086DFDE2A556C9200C9804D /* Resources */ = {
			isa = PBXResourcesBuildPhase;
			buildActionMask = 2147483647;
			files = (
				D086DFEB2A556C9400C9804D /* Preview Assets.xcassets in Resources */,
				D086DFE82A556C9400C9804D /* Assets.xcassets in Resources */,
			);
			runOnlyForDeploymentPostprocessing = 0;
		};
		D086DFEE2A556C9400C9804D /* Resources */ = {
			isa = PBXResourcesBuildPhase;
			buildActionMask = 2147483647;
			files = (
			);
			runOnlyForDeploymentPostprocessing = 0;
		};
		D086DFF82A556C9400C9804D /* Resources */ = {
			isa = PBXResourcesBuildPhase;
			buildActionMask = 2147483647;
			files = (
			);
			runOnlyForDeploymentPostprocessing = 0;
		};
/* End PBXResourcesBuildPhase section */

/* Begin PBXSourcesBuildPhase section */
		D086DFDC2A556C9200C9804D /* Sources */ = {
			isa = PBXSourcesBuildPhase;
			buildActionMask = 2147483647;
			files = (
				D086DFE62A556C9200C9804D /* ContentView.swift in Sources */,
				D086DFE42A556C9200C9804D /* PrototipoSwiftUIApp.swift in Sources */,
			);
			runOnlyForDeploymentPostprocessing = 0;
		};
		D086DFEC2A556C9400C9804D /* Sources */ = {
			isa = PBXSourcesBuildPhase;
			buildActionMask = 2147483647;
			files = (
				D086DFF52A556C9400C9804D /* PrototipoSwiftUITests.swift in Sources */,
			);
			runOnlyForDeploymentPostprocessing = 0;
		};
		D086DFF62A556C9400C9804D /* Sources */ = {
			isa = PBXSourcesBuildPhase;
			buildActionMask = 2147483647;
			files = (
				D086DFFF2A556C9400C9804D /* PrototipoSwiftUIUITests.swift in Sources */,
				D086E0012A556C9400C9804D /* PrototipoSwiftUIUITestsLaunchTests.swift in Sources */,
			);
			runOnlyForDeploymentPostprocessing = 0;
		};
/* End PBXSourcesBuildPhase section */

/* Begin PBXTargetDependency section */
		D086DFF22A556C9400C9804D /* PBXTargetDependency */ = {
			isa = PBXTargetDependency;
			target = D086DFDF2A556C9200C9804D /* PrototipoSwiftUI */;
			targetProxy = D086DFF12A556C9400C9804D /* PBXContainerItemProxy */;
		};
		D086DFFC2A556C9400C9804D /* PBXTargetDependency */ = {
			isa = PBXTargetDependency;
			target = D086DFDF2A556C9200C9804D /* PrototipoSwiftUI */;
			targetProxy = D086DFFB2A556C9400C9804D /* PBXContainerItemProxy */;
		};
/* End PBXTargetDependency section */

/* Begin XCBuildConfiguration section */
		D086E0022A556C9400C9804D /* Debug */ = {
			isa = XCBuildConfiguration;
			buildSettings = {
				ALWAYS_SEARCH_USER_PATHS = NO;
				CLANG_ANALYZER_NONNULL = YES;
				CLANG_ANALYZER_NUMBER_OBJECT_CONVERSION = YES_AGGRESSIVE;
				CLANG_CXX_LANGUAGE_STANDARD = "gnu++20";
				CLANG_ENABLE_MODULES = YES;
				CLANG_ENABLE_OBJC_ARC = YES;
				CLANG_ENABLE_OBJC_WEAK = YES;
				CLANG_WARN_BLOCK_CAPTURE_AUTORELEASING = YES;
				CLANG_WARN_BOOL_CONVERSION = YES;
				CLANG_WARN_COMMA = YES;
				CLANG_WARN_CONSTANT_CONVERSION = YES;
				CLANG_WARN_DEPRECATED_OBJC_IMPLEMENTATIONS = YES;
				CLANG_WARN_DIRECT_OBJC_ISA_USAGE = YES_ERROR;
				CLANG_WARN_DOCUMENTATION_COMMENTS = YES;
				CLANG_WARN_EMPTY_BODY = YES;
				CLANG_WARN_ENUM_CONVERSION = YES;
				CLANG_WARN_INFINITE_RECURSION = YES;
				CLANG_WARN_INT_CONVERSION = YES;
				CLANG_WARN_NON_LITERAL_NULL_CONVERSION = YES;
				CLANG_WARN_OBJC_IMPLICIT_RETAIN_SELF = YES;
				CLANG_WARN_OBJC_LITERAL_CONVERSION = YES;
				CLANG_WARN_OBJC_ROOT_CLASS = YES_ERROR;
				CLANG_WARN_QUOTED_INCLUDE_IN_FRAMEWORK_HEADER = YES;
				CLANG_WARN_RANGE_LOOP_ANALYSIS = YES;
				CLANG_WARN_STRICT_PROTOTYPES = YES;
				CLANG_WARN_SUSPICIOUS_MOVE = YES;
				CLANG_WARN_UNGUARDED_AVAILABILITY = YES_AGGRESSIVE;
				CLANG_WARN_UNREACHABLE_CODE = YES;
				CLANG_WARN__DUPLICATE_METHOD_MATCH = YES;
				COPY_PHASE_STRIP = NO;
				DEBUG_INFORMATION_FORMAT = dwarf;
				ENABLE_STRICT_OBJC_MSGSEND = YES;
				ENABLE_TESTABILITY = YES;
				GCC_C_LANGUAGE_STANDARD = gnu11;
				GCC_DYNAMIC_NO_PIC = NO;
				GCC_NO_COMMON_BLOCKS = YES;
				GCC_OPTIMIZATION_LEVEL = 0;
				GCC_PREPROCESSOR_DEFINITIONS = (
					"DEBUG=1",
					"$(inherited)",
				);
				GCC_WARN_64_TO_32_BIT_CONVERSION = YES;
				GCC_WARN_ABOUT_RETURN_TYPE = YES_ERROR;
				GCC_WARN_UNDECLARED_SELECTOR = YES;
				GCC_WARN_UNINITIALIZED_AUTOS = YES_AGGRESSIVE;
				GCC_WARN_UNUSED_FUNCTION = YES;
				GCC_WARN_UNUSED_VARIABLE = YES;
				IPHONEOS_DEPLOYMENT_TARGET = 16.4;
				MTL_ENABLE_DEBUG_INFO = INCLUDE_SOURCE;
				MTL_FAST_MATH = YES;
				ONLY_ACTIVE_ARCH = YES;
				SDKROOT = iphoneos;
				SWIFT_ACTIVE_COMPILATION_CONDITIONS = DEBUG;
				SWIFT_OPTIMIZATION_LEVEL = "-Onone";
			};
			name = Debug;
		};
		D086E0032A556C9400C9804D /* Release */ = {
			isa = XCBuildConfiguration;
			buildSettings = {
				ALWAYS_SEARCH_USER_PATHS = NO;
				CLANG_ANALYZER_NONNULL = YES;
				CLANG_ANALYZER_NUMBER_OBJECT_CONVERSION = YES_AGGRESSIVE;
				CLANG_CXX_LANGUAGE_STANDARD = "gnu++20";
				CLANG_ENABLE_MODULES = YES;
				CLANG_ENABLE_OBJC_ARC = YES;
				CLANG_ENABLE_OBJC_WEAK = YES;
				CLANG_WARN_BLOCK_CAPTURE_AUTORELEASING = YES;
				CLANG_WARN_BOOL_CONVERSION = YES;
				CLANG_WARN_COMMA = YES;
				CLANG_WARN_CONSTANT_CONVERSION = YES;
				CLANG_WARN_DEPRECATED_OBJC_IMPLEMENTATIONS = YES;
				CLANG_WARN_DIRECT_OBJC_ISA_USAGE = YES_ERROR;
				CLANG_WARN_DOCUMENTATION_COMMENTS = YES;
				CLANG_WARN_EMPTY_BODY = YES;
				CLANG_WARN_ENUM_CONVERSION = YES;
				CLANG_WARN_INFINITE_RECURSION = YES;
				CLANG_WARN_INT_CONVERSION = YES;
				CLANG_WARN_NON_LITERAL_NULL_CONVERSION = YES;
				CLANG_WARN_OBJC_IMPLICIT_RETAIN_SELF = YES;
				CLANG_WARN_OBJC_LITERAL_CONVERSION = YES;
				CLANG_WARN_OBJC_ROOT_CLASS = YES_ERROR;
				CLANG_WARN_QUOTED_INCLUDE_IN_FRAMEWORK_HEADER = YES;
				CLANG_WARN_RANGE_LOOP_ANALYSIS = YES;
				CLANG_WARN_STRICT_PROTOTYPES = YES;
				CLANG_WARN_SUSPICIOUS_MOVE = YES;
				CLANG_WARN_UNGUARDED_AVAILABILITY = YES_AGGRESSIVE;
				CLANG_WARN_UNREACHABLE_CODE = YES;
				CLANG_WARN__DUPLICATE_METHOD_MATCH = YES;
				COPY_PHASE_STRIP = NO;
				DEBUG_INFORMATION_FORMAT = "dwarf-with-dsym";
				ENABLE_NS_ASSERTIONS = NO;
				ENABLE_STRICT_OBJC_MSGSEND = YES;
				GCC_C_LANGUAGE_STANDARD = gnu11;
				GCC_NO_COMMON_BLOCKS = YES;
				GCC_WARN_64_TO_32_BIT_CONVERSION = YES;
				GCC_WARN_ABOUT_RETURN_TYPE = YES_ERROR;
				GCC_WARN_UNDECLARED_SELECTOR = YES;
				GCC_WARN_UNINITIALIZED_AUTOS = YES_AGGRESSIVE;
				GCC_WARN_UNUSED_FUNCTION = YES;
				GCC_WARN_UNUSED_VARIABLE = YES;
				IPHONEOS_DEPLOYMENT_TARGET = 16.4;
				MTL_ENABLE_DEBUG_INFO = NO;
				MTL_FAST_MATH = YES;
				SDKROOT = iphoneos;
				SWIFT_COMPILATION_MODE = wholemodule;
				SWIFT_OPTIMIZATION_LEVEL = "-O";
				VALIDATE_PRODUCT = YES;
			};
			name = Release;
		};
		D086E0052A556C9400C9804D /* Debug */ = {
			isa = XCBuildConfiguration;
			buildSettings = {
				ASSETCATALOG_COMPILER_APPICON_NAME = AppIcon;
				ASSETCATALOG_COMPILER_GLOBAL_ACCENT_COLOR_NAME = AccentColor;
				CODE_SIGN_STYLE = Automatic;
				CURRENT_PROJECT_VERSION = 1;
				DEVELOPMENT_ASSET_PATHS = "\"PrototipoSwiftUI/Preview Content\"";
				DEVELOPMENT_TEAM = LH247R3LNQ;
				ENABLE_PREVIEWS = YES;
				GENERATE_INFOPLIST_FILE = YES;
				INFOPLIST_KEY_UIApplicationSceneManifest_Generation = YES;
				INFOPLIST_KEY_UIApplicationSupportsIndirectInputEvents = YES;
				INFOPLIST_KEY_UILaunchScreen_Generation = YES;
				INFOPLIST_KEY_UISupportedInterfaceOrientations_iPad = "UIInterfaceOrientationPortrait UIInterfaceOrientationPortraitUpsideDown UIInterfaceOrientationLandscapeLeft UIInterfaceOrientationLandscapeRight";
				INFOPLIST_KEY_UISupportedInterfaceOrientations_iPhone = "UIInterfaceOrientationPortrait UIInterfaceOrientationLandscapeLeft UIInterfaceOrientationLandscapeRight";
				LD_RUNPATH_SEARCH_PATHS = (
					"$(inherited)",
					"@executable_path/Frameworks",
				);
				MARKETING_VERSION = 1.0;
				PRODUCT_BUNDLE_IDENTIFIER = com.prototypeSwiftUI.PrototipoSwiftUI;
				PRODUCT_NAME = "$(TARGET_NAME)";
				SWIFT_EMIT_LOC_STRINGS = YES;
				SWIFT_VERSION = 5.0;
				TARGETED_DEVICE_FAMILY = "1,2";
			};
			name = Debug;
		};
		D086E0062A556C9400C9804D /* Release */ = {
			isa = XCBuildConfiguration;
			buildSettings = {
				ASSETCATALOG_COMPILER_APPICON_NAME = AppIcon;
				ASSETCATALOG_COMPILER_GLOBAL_ACCENT_COLOR_NAME = AccentColor;
				CODE_SIGN_STYLE = Automatic;
				CURRENT_PROJECT_VERSION = 1;
				DEVELOPMENT_ASSET_PATHS = "\"PrototipoSwiftUI/Preview Content\"";
				DEVELOPMENT_TEAM = LH247R3LNQ;
				ENABLE_PREVIEWS = YES;
				GENERATE_INFOPLIST_FILE = YES;
				INFOPLIST_KEY_UIApplicationSceneManifest_Generation = YES;
				INFOPLIST_KEY_UIApplicationSupportsIndirectInputEvents = YES;
				INFOPLIST_KEY_UILaunchScreen_Generation = YES;
				INFOPLIST_KEY_UISupportedInterfaceOrientations_iPad = "UIInterfaceOrientationPortrait UIInterfaceOrientationPortraitUpsideDown UIInterfaceOrientationLandscapeLeft UIInterfaceOrientationLandscapeRight";
				INFOPLIST_KEY_UISupportedInterfaceOrientations_iPhone = "UIInterfaceOrientationPortrait UIInterfaceOrientationLandscapeLeft UIInterfaceOrientationLandscapeRight";
				LD_RUNPATH_SEARCH_PATHS = (
					"$(inherited)",
					"@executable_path/Frameworks",
				);
				MARKETING_VERSION = 1.0;
				PRODUCT_BUNDLE_IDENTIFIER = com.prototypeSwiftUI.PrototipoSwiftUI;
				PRODUCT_NAME = "$(TARGET_NAME)";
				SWIFT_EMIT_LOC_STRINGS = YES;
				SWIFT_VERSION = 5.0;
				TARGETED_DEVICE_FAMILY = "1,2";
			};
			name = Release;
		};
		D086E0082A556C9400C9804D /* Debug */ = {
			isa = XCBuildConfiguration;
			buildSettings = {
				ALWAYS_EMBED_SWIFT_STANDARD_LIBRARIES = YES;
				BUNDLE_LOADER = "$(TEST_HOST)";
				CODE_SIGN_STYLE = Automatic;
				CURRENT_PROJECT_VERSION = 1;
				DEVELOPMENT_TEAM = LH247R3LNQ;
				GENERATE_INFOPLIST_FILE = YES;
				IPHONEOS_DEPLOYMENT_TARGET = 16.4;
				MARKETING_VERSION = 1.0;
				PRODUCT_BUNDLE_IDENTIFIER = com.prototypeSwiftUI.PrototipoSwiftUITests;
				PRODUCT_NAME = "$(TARGET_NAME)";
				SWIFT_EMIT_LOC_STRINGS = NO;
				SWIFT_VERSION = 5.0;
				TARGETED_DEVICE_FAMILY = "1,2";
				TEST_HOST = "$(BUILT_PRODUCTS_DIR)/PrototipoSwiftUI.app/$(BUNDLE_EXECUTABLE_FOLDER_PATH)/PrototipoSwiftUI";
			};
			name = Debug;
		};
		D086E0092A556C9400C9804D /* Release */ = {
			isa = XCBuildConfiguration;
			buildSettings = {
				ALWAYS_EMBED_SWIFT_STANDARD_LIBRARIES = YES;
				BUNDLE_LOADER = "$(TEST_HOST)";
				CODE_SIGN_STYLE = Automatic;
				CURRENT_PROJECT_VERSION = 1;
				DEVELOPMENT_TEAM = LH247R3LNQ;
				GENERATE_INFOPLIST_FILE = YES;
				IPHONEOS_DEPLOYMENT_TARGET = 16.4;
				MARKETING_VERSION = 1.0;
				PRODUCT_BUNDLE_IDENTIFIER = com.prototypeSwiftUI.PrototipoSwiftUITests;
				PRODUCT_NAME = "$(TARGET_NAME)";
				SWIFT_EMIT_LOC_STRINGS = NO;
				SWIFT_VERSION = 5.0;
				TARGETED_DEVICE_FAMILY = "1,2";
				TEST_HOST = "$(BUILT_PRODUCTS_DIR)/PrototipoSwiftUI.app/$(BUNDLE_EXECUTABLE_FOLDER_PATH)/PrototipoSwiftUI";
			};
			name = Release;
		};
		D086E00B2A556C9400C9804D /* Debug */ = {
			isa = XCBuildConfiguration;
			buildSettings = {
				ALWAYS_EMBED_SWIFT_STANDARD_LIBRARIES = YES;
				CODE_SIGN_STYLE = Automatic;
				CURRENT_PROJECT_VERSION = 1;
				DEVELOPMENT_TEAM = LH247R3LNQ;
				GENERATE_INFOPLIST_FILE = YES;
				MARKETING_VERSION = 1.0;
				PRODUCT_BUNDLE_IDENTIFIER = com.prototypeSwiftUI.PrototipoSwiftUIUITests;
				PRODUCT_NAME = "$(TARGET_NAME)";
				SWIFT_EMIT_LOC_STRINGS = NO;
				SWIFT_VERSION = 5.0;
				TARGETED_DEVICE_FAMILY = "1,2";
				TEST_TARGET_NAME = PrototipoSwiftUI;
			};
			name = Debug;
		};
		D086E00C2A556C9400C9804D /* Release */ = {
			isa = XCBuildConfiguration;
			buildSettings = {
				ALWAYS_EMBED_SWIFT_STANDARD_LIBRARIES = YES;
				CODE_SIGN_STYLE = Automatic;
				CURRENT_PROJECT_VERSION = 1;
				DEVELOPMENT_TEAM = LH247R3LNQ;
				GENERATE_INFOPLIST_FILE = YES;
				MARKETING_VERSION = 1.0;
				PRODUCT_BUNDLE_IDENTIFIER = com.prototypeSwiftUI.PrototipoSwiftUIUITests;
				PRODUCT_NAME = "$(TARGET_NAME)";
				SWIFT_EMIT_LOC_STRINGS = NO;
				SWIFT_VERSION = 5.0;
				TARGETED_DEVICE_FAMILY = "1,2";
				TEST_TARGET_NAME = PrototipoSwiftUI;
			};
			name = Release;
		};
/* End XCBuildConfiguration section */

/* Begin XCConfigurationList section */
		D086DFDB2A556C9200C9804D /* Build configuration list for PBXProject "PrototipoSwiftUI" */ = {
			isa = XCConfigurationList;
			buildConfigurations = (
				D086E0022A556C9400C9804D /* Debug */,
				D086E0032A556C9400C9804D /* Release */,
			);
			defaultConfigurationIsVisible = 0;
			defaultConfigurationName = Release;
		};
		D086E0042A556C9400C9804D /* Build configuration list for PBXNativeTarget "PrototipoSwiftUI" */ = {
			isa = XCConfigurationList;
			buildConfigurations = (
				D086E0052A556C9400C9804D /* Debug */,
				D086E0062A556C9400C9804D /* Release */,
			);
			defaultConfigurationIsVisible = 0;
			defaultConfigurationName = Release;
		};
		D086E0072A556C9400C9804D /* Build configuration list for PBXNativeTarget "PrototipoSwiftUITests" */ = {
			isa = XCConfigurationList;
			buildConfigurations = (
				D086E0082A556C9400C9804D /* Debug */,
				D086E0092A556C9400C9804D /* Release */,
			);
			defaultConfigurationIsVisible = 0;
			defaultConfigurationName = Release;
		};
		D086E00A2A556C9400C9804D /* Build configuration list for PBXNativeTarget "PrototipoSwiftUIUITests" */ = {
			isa = XCConfigurationList;
			buildConfigurations = (
				D086E00B2A556C9400C9804D /* Debug */,
				D086E00C2A556C9400C9804D /* Release */,
			);
			defaultConfigurationIsVisible = 0;
			defaultConfigurationName = Release;
		};
/* End XCConfigurationList section */
	};
	rootObject = D086DFD82A556C9200C9804D /* Project object */;
}
